
Microsoft Visual Studio Solution File, Format Version 12.00
# Visual Studio Version 16
VisualStudioVersion = 16.0.30204.135
MinimumVisualStudioVersion = 10.0.40219.1
Project("{FAE04EC0-301F-11D3-BF4B-00C04F79EFBC}") = "ControlMySpeech", "ControlMySpeech\ControlMySpeech.csproj", "{8BE811C3-7700-420D-B69D-808556FD658D}"
EndProject
Global
	GlobalSection(SolutionConfigurationPlatforms) = preSolution
		Debug|Any CPU = Debug|Any CPU
		Release|Any CPU = Release|Any CPU
	EndGlobalSection
	GlobalSection(ProjectConfigurationPlatforms) = postSolution
		{8BE811C3-7700-420D-B69D-808556FD658D}.Debug|Any CPU.ActiveCfg = Debug|Any CPU
		{8BE811C3-7700-420D-B69D-808556FD658D}.Debug|Any CPU.Build.0 = Debug|Any CPU
		{8BE811C3-7700-420D-B69D-808556FD658D}.Release|Any CPU.ActiveCfg = Release|Any CPU
		{8BE811C3-7700-420D-B69D-808556FD658D}.Release|Any CPU.Build.0 = Release|Any CPU
	EndGlobalSection
	GlobalSection(SolutionProperties) = preSolution
		HideSolutionNode = FALSE
	EndGlobalSection
	GlobalSection(ExtensibilityGlobals) = postSolution
		SolutionGuid = {5A78BDDD-C731-4D00-ABFD-C4ACFF70E634}
	EndGlobalSection
EndGlobal
